PODS:
  - AdColony (3.3.8.1)
  - AmazonAd (2.2.15.1)
  - AppLovinSDK (6.9.5)
  - ChocolatePlatform-SDK-AdColony (3.0.1):
    - AdColony (~> 3.3)
    - ChocolatePlatform-SDK-Core (~> 3.0)
  - ChocolatePlatform-SDK-Amazon (2.0.1):
    - AmazonAd (~> 2.2)
    - ChocolatePlatform-SDK-Core (~> 3.0)
  - ChocolatePlatform-SDK-AppLovin (3.0.2):
    - AppLovinSDK (~> 6.9.0)
    - ChocolatePlatform-SDK-Core (~> 3.0)
  - ChocolatePlatform-SDK-Core (3.0.1)
  - ChocolatePlatform-SDK-Criteo (1.0.0):
    - ChocolatePlatform-SDK-Core (~> 3.0)
    - CriteoPublisherSdk (~> 3.2)
  - ChocolatePlatform-SDK-Google (3.0.1):
    - ChocolatePlatform-SDK-Core (~> 3.0)
    - GoogleAds-IMA-iOS-SDK (~> 3.6)
  - ChocolatePlatform-SDK-Googleadmob (2.0.1):
    - ChocolatePlatform-SDK-Core (~> 3.0)
    - Google-Mobile-Ads-SDK (= 7.36.0)
  - ChocolatePlatform-SDK-Tapjoy (3.0.1):
    - ChocolatePlatform-SDK-Core (~> 3.0)
    - TapjoySDK (~> 11.10.2)
  - ChocolatePlatform-SDK-Unity (4.0.1):
    - ChocolatePlatform-SDK-Core (~> 3.0)
    - UnityAds (~> 3.3.0)
  - ChocolatePlatform-SDK-Vungle (3.0.1):
    - ChocolatePlatform-SDK-Core (~> 3.0)
    - VungleSDK-iOS (~> 6.2.0)
  - CriteoPublisherSdk (3.2.0)
  - Google-Mobile-Ads-SDK (7.36.0)
  - GoogleAds-IMA-iOS-SDK (3.10.1)
  - TapjoySDK (11.10.2)
  - UnityAds (3.3.0)
  - VungleSDK-iOS (6.2.0)

DEPENDENCIES:
  - ChocolatePlatform-SDK-AdColony (~> 3.0)
  - ChocolatePlatform-SDK-Amazon (~> 2.0)
  - ChocolatePlatform-SDK-AppLovin (~> 3.0)
  - ChocolatePlatform-SDK-Core (~> 3.0)
  - ChocolatePlatform-SDK-Criteo (~> 1.0)
  - ChocolatePlatform-SDK-Google (~> 3.0)
  - ChocolatePlatform-SDK-Googleadmob (~> 2.0)
  - ChocolatePlatform-SDK-Tapjoy (~> 3.0)
  - ChocolatePlatform-SDK-Unity (~> 4.0)
  - ChocolatePlatform-SDK-Vungle (~> 3.0)

SPEC REPOS:
  trunk:
    - AdColony
    - AmazonAd
    - AppLovinSDK
    - ChocolatePlatform-SDK-AdColony
    - ChocolatePlatform-SDK-Amazon
    - ChocolatePlatform-SDK-AppLovin
    - ChocolatePlatform-SDK-Core
    - ChocolatePlatform-SDK-Criteo
    - ChocolatePlatform-SDK-Google
    - ChocolatePlatform-SDK-Googleadmob
    - ChocolatePlatform-SDK-Tapjoy
    - ChocolatePlatform-SDK-Unity
    - ChocolatePlatform-SDK-Vungle
    - CriteoPublisherSdk
    - Google-Mobile-Ads-SDK
    - GoogleAds-IMA-iOS-SDK
    - TapjoySDK
    - UnityAds
    - VungleSDK-iOS

SPEC CHECKSUMS:
  AdColony: 21c9cdcc780854d406e213cb1e5ef9f2b165cca3
  AmazonAd: 9b7226322bc124343d279a98c28cdae26c48a0e7
  AppLovinSDK: 15268696b789c0954520ca95022fe2453bc41291
  ChocolatePlatform-SDK-AdColony: ae989cfd74a170497946faad360f641a09aa2810
  ChocolatePlatform-SDK-Amazon: c6f35aa6767ea0f75c44ed33990ed2983df3cf8a
  ChocolatePlatform-SDK-AppLovin: c5205c61f3663d06cc5b29c439fb8d8540c140ac
  ChocolatePlatform-SDK-Core: 568d8442d8a5fa5f959b013920757b23eebd2ef5
  ChocolatePlatform-SDK-Criteo: 8b00fb1cc6735aea65f1aa5fd34021b8bd8b6b43
  ChocolatePlatform-SDK-Google: c4cbdb21f61a911a9c9872ee3c4ae17eee9a6b71
  ChocolatePlatform-SDK-Googleadmob: 4e46560810180ce7327c150a704343a9a6d8e18e
  ChocolatePlatform-SDK-Tapjoy: 34aabc222b9f46d64243a848f32c4eca1284c41f
  ChocolatePlatform-SDK-Unity: 85e80356365c2ce9264da715b565e435a8b8aee6
  ChocolatePlatform-SDK-Vungle: 743c60f31a3480b0169ac78a6349176ddae49a90
  CriteoPublisherSdk: 4697cb44768aa99aa0347d920826a1d24a9e044f
  Google-Mobile-Ads-SDK: 5bb4d2cea811842e104a24780caef63b4808e1bd
  GoogleAds-IMA-iOS-SDK: 0e37ab83b22075ad631a70dcba9528cb246c92bf
  TapjoySDK: e12ca74dc0ff0ef18c252c9035975857ee1e032d
  UnityAds: 0b7ecf8df83e8a3d62122a3fcf61e47c8e848f3c
  VungleSDK-iOS: a8665f4e826ad688135429f4618df4235f8738c7

PODFILE CHECKSUM: 6e5b8891e836285cb08fd649ea2cd4ef10dc0373

COCOAPODS: 1.8.4
